github.com/anacrolix/envpprof v0.0.0-20160528120320-0383bfe017e0 h1:C+LdnwMdFTe3X4sxGBHMUKNEV5R8PQBoDLC6v07beYk=
github.com/anacrolix/envpprof v0.0.0-20160528120320-0383bfe017e0/go.mod h1:KgHhUaQMc8cC0+cEflSgCFNFbKwi5h54gqtVn8yhP7c=
github.com/anacrolix/missinggo v0.0.0-20160913041646-86f106025d38 h1:yPvU0FMIZeYmSclJtlGoxbebYZHB3HSRqwhY54YcA6U=
github.com/anacrolix/missinggo v0.0.0-20160913041646-86f106025d38/go.mod h1:b0p+7cn+rWMIphK1gDH2hrDuwGOcbB6V4VXeSsEfHVk=
github.com/anacrolix/torrent v0.0.0-20160916140115-9a4fbb01f0d2 h1:evRKiwrWfgEZFX7Ouy+GTHL8Fbc7TtxBz40Aujl6wgc=
github.com/anacrolix/torrent v0.0.0-20160916140115-9a4fbb01f0d2/go.mod h1:w+zWzagAI9Qm0NmBHLL1p2WK0TuqZt0J/j6EdOUkLEs=
github.com/bradfitz/iter v0.0.0-20191230175014-e8f45d346db8 h1:GKTyiRCL6zVf5wWaqKnf+7Qs6GbEPfd4iMOitWzXJx8=
github.com/bradfitz/iter v0.0.0-20191230175014-e8f45d346db8/go.mod h1:spo1JLcs67NmW1aVLEgtA8Yy1elc+X8y5SRW1sFW4Og=
github.com/davecgh/go-spew v1.1.1 h1:vj9j/u1bqnvCEfJOwUhtlOARqs3+rkHYY13jYWTU97c=
github.com/davecgh/go-spew v1.1.1/go.mod h1:J7Y8YcW2NihsgmVo/mv3lAwl/skON4iLHjSsI+c5H38=
github.com/pmezard/go-difflib v1.0.0 h1:4DBwDE0NGyQoBHbLQYPwSUPoCMWR5BEzIk/f1lZbAQM=
github.com/pmezard/go-difflib v1.0.0/go.mod h1:iKH77koFhYxTK1pcRnkKkqfTogsbg7gZNVY4sRDYZ/4=
github.com/sprt/byt v0.0.0-20161206215712-c20c6b9163d5 h1:KEUPMR9T7myaU9+SAeCSqb8EAZHFLpVn4SKwQlpaXbU=
github.com/sprt/byt v0.0.0-20161206215712-c20c6b9163d5/go.mod h1:h78z0502vpgn9gKioskDCHnabEtzZigceO2ERlYcrMU=
github.com/stretchr/testify v1.8.4 h1:CcVxjf3Q8PM0mHUKJCdn+eZZtm5yQwehR5yeSVQQcUk=
github.com/stretchr/testify v1.8.4/go.mod h1:sz/lmYIOXD/1dqDmKjjqLyZ2RngseejIcXlSw2iwfAo=
gopkg.in/yaml.v3 v3.0.1 h1:fxVm/GzAzEWqLHuvctI91KS9hhNmmWOoWu0XTYJS7CA=
gopkg.in/yaml.v3 v3.0.1/go.mod h1:K4uyk7z7BCEPqu6E+C64Yfv1cQ7kz7rIZviUmN+EgEM=
